
Microsoft Visual Studio Solution File, Format Version 12.00
# Visual Studio Version 17
VisualStudioVersion = 17.3.32922.545
MinimumVisualStudioVersion = 10.0.40219.1
Project("{9A19103F-16F7-4668-BE54-9A1E7A4F7556}") = "Core", "Core\Core.csproj", "{33CF36D5-42D2-4837-B6CD-4C5C39193E4F}"
EndProject
Project("{FAE04EC0-301F-11D3-BF4B-00C04F79EFBC}") = "Entity", "Entity\Entity.csproj", "{30C290E0-ACEE-446F-98B5-C6FE5E849BD7}"
EndProject
Project("{FAE04EC0-301F-11D3-BF4B-00C04F79EFBC}") = "DataAccessLayer", "DataAccessLayer\DataAccessLayer.csproj", "{987CE7C2-B4B0-4E86-A445-8E19D2FA8915}"
EndProject
Project("{FAE04EC0-301F-11D3-BF4B-00C04F79EFBC}") = "BusinessLogicLayer", "BusinessLogicLayer\BusinessLogicLayer.csproj", "{B0E19905-E653-4D97-869C-F4265EED4B90}"
EndProject
Project("{FAE04EC0-301F-11D3-BF4B-00C04F79EFBC}") = "UI", "UI\UI.csproj", "{658630F8-B691-49B3-A9C9-41B798E92CE6}"
EndProject
Project("{2150E333-8FDC-42A3-9474-1A3956D46DE8}") = "BL", "BL", "{42BF2313-5EEB-4607-81C0-9F79BF83DBAC}"
EndProject
Project("{2150E333-8FDC-42A3-9474-1A3956D46DE8}") = "CoreLayer", "CoreLayer", "{35E835F2-1144-4082-99CE-E9E6E65525AB}"
EndProject
Project("{2150E333-8FDC-42A3-9474-1A3956D46DE8}") = "DAL", "DAL", "{08DB6FA1-BE72-4C0C-9931-651432A1F0F2}"
EndProject
Project("{2150E333-8FDC-42A3-9474-1A3956D46DE8}") = "UILayer", "UILayer", "{2992E804-A989-4B0B-9D5C-E3410E33C40C}"
EndProject
Project("{2150E333-8FDC-42A3-9474-1A3956D46DE8}") = "DataLayer", "DataLayer", "{45DDC1BC-7E07-49DF-9C7A-195488D104E5}"
EndProject
Project("{FAE04EC0-301F-11D3-BF4B-00C04F79EFBC}") = "DataTransferObject", "DataTransferObject\DataTransferObject.csproj", "{E92B063E-68D9-41C1-8D91-1209F97F6431}"
EndProject
Project("{2150E333-8FDC-42A3-9474-1A3956D46DE8}") = "UtilityLayer", "UtilityLayer", "{C50AB65B-875A-4AE4-83B2-6A7E9518B8A4}"
EndProject
Project("{FAE04EC0-301F-11D3-BF4B-00C04F79EFBC}") = "Utilities", "Utilities\Utilities.csproj", "{E8A11316-2DBE-4592-968F-173490AD4190}"
EndProject
Global
	GlobalSection(SolutionConfigurationPlatforms) = preSolution
		Debug|Any CPU = Debug|Any CPU
		Release|Any CPU = Release|Any CPU
	EndGlobalSection
	GlobalSection(ProjectConfigurationPlatforms) = postSolution
		{33CF36D5-42D2-4837-B6CD-4C5C39193E4F}.Debug|Any CPU.ActiveCfg = Debug|Any CPU
		{33CF36D5-42D2-4837-B6CD-4C5C39193E4F}.Debug|Any CPU.Build.0 = Debug|Any CPU
		{33CF36D5-42D2-4837-B6CD-4C5C39193E4F}.Release|Any CPU.ActiveCfg = Release|Any CPU
		{33CF36D5-42D2-4837-B6CD-4C5C39193E4F}.Release|Any CPU.Build.0 = Release|Any CPU
		{30C290E0-ACEE-446F-98B5-C6FE5E849BD7}.Debug|Any CPU.ActiveCfg = Debug|Any CPU
		{30C290E0-ACEE-446F-98B5-C6FE5E849BD7}.Debug|Any CPU.Build.0 = Debug|Any CPU
		{30C290E0-ACEE-446F-98B5-C6FE5E849BD7}.Release|Any CPU.ActiveCfg = Release|Any CPU
		{30C290E0-ACEE-446F-98B5-C6FE5E849BD7}.Release|Any CPU.Build.0 = Release|Any CPU
		{987CE7C2-B4B0-4E86-A445-8E19D2FA8915}.Debug|Any CPU.ActiveCfg = Debug|Any CPU
		{987CE7C2-B4B0-4E86-A445-8E19D2FA8915}.Debug|Any CPU.Build.0 = Debug|Any CPU
		{987CE7C2-B4B0-4E86-A445-8E19D2FA8915}.Release|Any CPU.ActiveCfg = Release|Any CPU
		{987CE7C2-B4B0-4E86-A445-8E19D2FA8915}.Release|Any CPU.Build.0 = Release|Any CPU
		{B0E19905-E653-4D97-869C-F4265EED4B90}.Debug|Any CPU.ActiveCfg = Debug|Any CPU
		{B0E19905-E653-4D97-869C-F4265EED4B90}.Debug|Any CPU.Build.0 = Debug|Any CPU
		{B0E19905-E653-4D97-869C-F4265EED4B90}.Release|Any CPU.ActiveCfg = Release|Any CPU
		{B0E19905-E653-4D97-869C-F4265EED4B90}.Release|Any CPU.Build.0 = Release|Any CPU
		{658630F8-B691-49B3-A9C9-41B798E92CE6}.Debug|Any CPU.ActiveCfg = Debug|Any CPU
		{658630F8-B691-49B3-A9C9-41B798E92CE6}.Debug|Any CPU.Build.0 = Debug|Any CPU
		{658630F8-B691-49B3-A9C9-41B798E92CE6}.Release|Any CPU.ActiveCfg = Release|Any CPU
		{658630F8-B691-49B3-A9C9-41B798E92CE6}.Release|Any CPU.Build.0 = Release|Any CPU
		{E92B063E-68D9-41C1-8D91-1209F97F6431}.Debug|Any CPU.ActiveCfg = Debug|Any CPU
		{E92B063E-68D9-41C1-8D91-1209F97F6431}.Debug|Any CPU.Build.0 = Debug|Any CPU
		{E92B063E-68D9-41C1-8D91-1209F97F6431}.Release|Any CPU.ActiveCfg = Release|Any CPU
		{E92B063E-68D9-41C1-8D91-1209F97F6431}.Release|Any CPU.Build.0 = Release|Any CPU
		{E8A11316-2DBE-4592-968F-173490AD4190}.Debug|Any CPU.ActiveCfg = Debug|Any CPU
		{E8A11316-2DBE-4592-968F-173490AD4190}.Debug|Any CPU.Build.0 = Debug|Any CPU
		{E8A11316-2DBE-4592-968F-173490AD4190}.Release|Any CPU.ActiveCfg = Release|Any CPU
		{E8A11316-2DBE-4592-968F-173490AD4190}.Release|Any CPU.Build.0 = Release|Any CPU
	EndGlobalSection
	GlobalSection(SolutionProperties) = preSolution
		HideSolutionNode = FALSE
	EndGlobalSection
	GlobalSection(NestedProjects) = preSolution
		{33CF36D5-42D2-4837-B6CD-4C5C39193E4F} = {35E835F2-1144-4082-99CE-E9E6E65525AB}
		{30C290E0-ACEE-446F-98B5-C6FE5E849BD7} = {45DDC1BC-7E07-49DF-9C7A-195488D104E5}
		{987CE7C2-B4B0-4E86-A445-8E19D2FA8915} = {08DB6FA1-BE72-4C0C-9931-651432A1F0F2}
		{B0E19905-E653-4D97-869C-F4265EED4B90} = {42BF2313-5EEB-4607-81C0-9F79BF83DBAC}
		{658630F8-B691-49B3-A9C9-41B798E92CE6} = {2992E804-A989-4B0B-9D5C-E3410E33C40C}
		{E92B063E-68D9-41C1-8D91-1209F97F6431} = {45DDC1BC-7E07-49DF-9C7A-195488D104E5}
		{E8A11316-2DBE-4592-968F-173490AD4190} = {C50AB65B-875A-4AE4-83B2-6A7E9518B8A4}
	EndGlobalSection
	GlobalSection(ExtensibilityGlobals) = postSolution
		SolutionGuid = {95E58B8E-6328-4ACA-A1CE-9C0D14BE1732}
	EndGlobalSection
EndGlobal
